
Microsoft Visual Studio Solution File, Format Version 12.00
# Visual Studio Version 17
VisualStudioVersion = 17.7.34221.43
MinimumVisualStudioVersion = 10.0.40219.1
Project("{FAE04EC0-301F-11D3-BF4B-00C04F79EFBC}") = "Pokemons", "Pokemons\Pokemons.csproj", "{77145172-4409-4FFB-9016-DCEEF03B15EF}"
EndProject
Project("{FAE04EC0-301F-11D3-BF4B-00C04F79EFBC}") = "Dominio", "Pokemon\Dominio.csproj", "{B3DB288B-0588-4EDC-9C2C-0A86DD194730}"
EndProject
Project("{FAE04EC0-301F-11D3-BF4B-00C04F79EFBC}") = "Negocio", "Negocio\Negocio.csproj", "{257482EC-48F0-4DF9-A1DA-AE00E06001BB}"
EndProject
Global
	GlobalSection(SolutionConfigurationPlatforms) = preSolution
		Debug|Any CPU = Debug|Any CPU
		Release|Any CPU = Release|Any CPU
	EndGlobalSection
	GlobalSection(ProjectConfigurationPlatforms) = postSolution
		{77145172-4409-4FFB-9016-DCEEF03B15EF}.Debug|Any CPU.ActiveCfg = Debug|Any CPU
		{77145172-4409-4FFB-9016-DCEEF03B15EF}.Debug|Any CPU.Build.0 = Debug|Any CPU
		{77145172-4409-4FFB-9016-DCEEF03B15EF}.Release|Any CPU.ActiveCfg = Release|Any CPU
		{77145172-4409-4FFB-9016-DCEEF03B15EF}.Release|Any CPU.Build.0 = Release|Any CPU
		{B3DB288B-0588-4EDC-9C2C-0A86DD194730}.Debug|Any CPU.ActiveCfg = Debug|Any CPU
		{B3DB288B-0588-4EDC-9C2C-0A86DD194730}.Debug|Any CPU.Build.0 = Debug|Any CPU
		{B3DB288B-0588-4EDC-9C2C-0A86DD194730}.Release|Any CPU.ActiveCfg = Release|Any CPU
		{B3DB288B-0588-4EDC-9C2C-0A86DD194730}.Release|Any CPU.Build.0 = Release|Any CPU
		{257482EC-48F0-4DF9-A1DA-AE00E06001BB}.Debug|Any CPU.ActiveCfg = Debug|Any CPU
		{257482EC-48F0-4DF9-A1DA-AE00E06001BB}.Debug|Any CPU.Build.0 = Debug|Any CPU
		{257482EC-48F0-4DF9-A1DA-AE00E06001BB}.Release|Any CPU.ActiveCfg = Release|Any CPU
		{257482EC-48F0-4DF9-A1DA-AE00E06001BB}.Release|Any CPU.Build.0 = Release|Any CPU
	EndGlobalSection
	GlobalSection(SolutionProperties) = preSolution
		HideSolutionNode = FALSE
	EndGlobalSection
	GlobalSection(ExtensibilityGlobals) = postSolution
		SolutionGuid = {E3630486-1F81-46B0-9D16-95867FCED3B4}
	EndGlobalSection
EndGlobal
